// !$*UTF8*$!
{
	archiveVersion = 1;
	classes = {
	};
	objectVersion = 46;
	objects = {

/* Begin PBXBuildFile section */
		104553821F50FFBE0046DD0E /* AppDelegate.swift in Sources */ = {isa = PBXBuildFile; fileRef = 104553811F50FFBE0046DD0E /* AppDelegate.swift */; };
		104553841F50FFBE0046DD0E /* HomeViewController.swift in Sources */ = {isa = PBXBuildFile; fileRef = 104553831F50FFBE0046DD0E /* HomeViewController.swift */; };
		104553871F50FFBE0046DD0E /* Main.storyboard in Resources */ = {isa = PBXBuildFile; fileRef = 104553851F50FFBE0046DD0E /* Main.storyboard */; };
		104553891F50FFBE0046DD0E /* Assets.xcassets in Resources */ = {isa = PBXBuildFile; fileRef = 104553881F50FFBE0046DD0E /* Assets.xcassets */; };
		1045538C1F50FFBE0046DD0E /* LaunchScreen.storyboard in Resources */ = {isa = PBXBuildFile; fileRef = 1045538A1F50FFBE0046DD0E /* LaunchScreen.storyboard */; };
		104553971F50FFBE0046DD0E /* Cafe_ReviewerTests.swift in Sources */ = {isa = PBXBuildFile; fileRef = 104553961F50FFBE0046DD0E /* Cafe_ReviewerTests.swift */; };
		104553A21F50FFBE0046DD0E /* Cafe_ReviewerUITests.swift in Sources */ = {isa = PBXBuildFile; fileRef = 104553A11F50FFBE0046DD0E /* Cafe_ReviewerUITests.swift */; };
		104553B21F5101720046DD0E /* clag_logo.png in Resources */ = {isa = PBXBuildFile; fileRef = 104553B11F5101720046DD0E /* clag_logo.png */; };
		1066A2801F5640BC00A2D35D /* RestaurantCollectionViewCell.swift in Sources */ = {isa = PBXBuildFile; fileRef = 1066A27F1F5640BC00A2D35D /* RestaurantCollectionViewCell.swift */; };
		1066A2831F56432100A2D35D /* RestaurantCollectionViewCell.xib in Resources */ = {isa = PBXBuildFile; fileRef = 1066A2821F56432100A2D35D /* RestaurantCollectionViewCell.xib */; };
		1080D5A01F5555900093048F /* APIManager.swift in Sources */ = {isa = PBXBuildFile; fileRef = 1080D59F1F5555900093048F /* APIManager.swift */; };
		1080D5A21F5559F20093048F /* Restaurant.swift in Sources */ = {isa = PBXBuildFile; fileRef = 1080D5A11F5559F20093048F /* Restaurant.swift */; };
		1080D5A41F555B690093048F /* SampleResponse.json in Resources */ = {isa = PBXBuildFile; fileRef = 1080D5A31F555B690093048F /* SampleResponse.json */; };
		10A57B361F56AC4D00334100 /* ColumnFlowLayout.swift in Sources */ = {isa = PBXBuildFile; fileRef = 10A57B351F56AC4D00334100 /* ColumnFlowLayout.swift */; };
		2523D0C65F64A67EACD164B9 /* Pods_Cafe_Reviewer.framework in Frameworks */ = {isa = PBXBuildFile; fileRef = FE269EF2C48698E3FCCCF6D6 /* Pods_Cafe_Reviewer.framework */; };
/* End PBXBuildFile section */

/* Begin PBXContainerItemProxy section */
		104553931F50FFBE0046DD0E /* PBXContainerItemProxy */ = {
			isa = PBXContainerItemProxy;
			containerPortal = 104553761F50FFBE0046DD0E /* Project object */;
			proxyType = 1;
			remoteGlobalIDString = 1045537D1F50FFBE0046DD0E;
			remoteInfo = "Cafe Reviewer";
		};
		1045539E1F50FFBE0046DD0E /* PBXContainerItemProxy */ = {
			isa = PBXContainerItemProxy;
			containerPortal = 104553761F50FFBE0046DD0E /* Project object */;
			proxyType = 1;
			remoteGlobalIDString = 1045537D1F50FFBE0046DD0E;
			remoteInfo = "Cafe Reviewer";
		};
/* End PBXContainerItemProxy section */

/* Begin PBXFileReference section */
		1045537E1F50FFBE0046DD0E /* Cafe Reviewer.app */ = {isa = PBXFileReference; explicitFileType = wrapper.application; includeInIndex = 0; path = "Cafe Reviewer.app"; sourceTree = BUILT_PRODUCTS_DIR; };
		104553811F50FFBE0046DD0E /* AppDelegate.swift */ = {isa = PBXFileReference; lastKnownFileType = sourcecode.swift; path = AppDelegate.swift; sourceTree = "<group>"; };
		104553831F50FFBE0046DD0E /* HomeViewController.swift */ = {isa = PBXFileReference; lastKnownFileType = sourcecode.swift; path = HomeViewController.swift; sourceTree = "<group>"; };
		104553861F50FFBE0046DD0E /* Base */ = {isa = PBXFileReference; lastKnownFileType = file.storyboard; name = Base; path = Base.lproj/Main.storyboard; sourceTree = "<group>"; };
		104553881F50FFBE0046DD0E /* Assets.xcassets */ = {isa = PBXFileReference; lastKnownFileType = folder.assetcatalog; path = Assets.xcassets; sourceTree = "<group>"; };
		1045538B1F50FFBE0046DD0E /* Base */ = {isa = PBXFileReference; lastKnownFileType = file.storyboard; name = Base; path = Base.lproj/LaunchScreen.storyboard; sourceTree = "<group>"; };
		1045538D1F50FFBE0046DD0E /* Info.plist */ = {isa = PBXFileReference; lastKnownFileType = text.plist.xml; path = Info.plist; sourceTree = "<group>"; };
		104553921F50FFBE0046DD0E /* Cafe ReviewerTests.xctest */ = {isa = PBXFileReference; explicitFileType = wrapper.cfbundle; includeInIndex = 0; path = "Cafe ReviewerTests.xctest"; sourceTree = BUILT_PRODUCTS_DIR; };
		104553961F50FFBE0046DD0E /* Cafe_ReviewerTests.swift */ = {isa = PBXFileReference; lastKnownFileType = sourcecode.swift; path = Cafe_ReviewerTests.swift; sourceTree = "<group>"; };
		104553981F50FFBE0046DD0E /* Info.plist */ = {isa = PBXFileReference; lastKnownFileType = text.plist.xml; path = Info.plist; sourceTree = "<group>"; };
		1045539D1F50FFBE0046DD0E /* Cafe ReviewerUITests.xctest */ = {isa = PBXFileReference; explicitFileType = wrapper.cfbundle; includeInIndex = 0; path = "Cafe ReviewerUITests.xctest"; sourceTree = BUILT_PRODUCTS_DIR; };
		104553A11F50FFBE0046DD0E /* Cafe_ReviewerUITests.swift */ = {isa = PBXFileReference; lastKnownFileType = sourcecode.swift; path = Cafe_ReviewerUITests.swift; sourceTree = "<group>"; };
		104553A31F50FFBE0046DD0E /* Info.plist */ = {isa = PBXFileReference; lastKnownFileType = text.plist.xml; path = Info.plist; sourceTree = "<group>"; };
		104553B11F5101720046DD0E /* clag_logo.png */ = {isa = PBXFileReference; lastKnownFileType = image.png; path = clag_logo.png; sourceTree = "<group>"; };
		1066A27F1F5640BC00A2D35D /* RestaurantCollectionViewCell.swift */ = {isa = PBXFileReference; fileEncoding = 4; lastKnownFileType = sourcecode.swift; path = RestaurantCollectionViewCell.swift; sourceTree = "<group>"; };
		1066A2821F56432100A2D35D /* RestaurantCollectionViewCell.xib */ = {isa = PBXFileReference; fileEncoding = 4; lastKnownFileType = file.xib; path = RestaurantCollectionViewCell.xib; sourceTree = "<group>"; };
		1080D59F1F5555900093048F /* APIManager.swift */ = {isa = PBXFileReference; fileEncoding = 4; lastKnownFileType = sourcecode.swift; path = APIManager.swift; sourceTree = "<group>"; };
		1080D5A11F5559F20093048F /* Restaurant.swift */ = {isa = PBXFileReference; fileEncoding = 4; lastKnownFileType = sourcecode.swift; path = Restaurant.swift; sourceTree = "<group>"; };
		1080D5A31F555B690093048F /* SampleResponse.json */ = {isa = PBXFileReference; fileEncoding = 4; lastKnownFileType = text.json; path = SampleResponse.json; sourceTree = "<group>"; };
		10A57B351F56AC4D00334100 /* ColumnFlowLayout.swift */ = {isa = PBXFileReference; fileEncoding = 4; lastKnownFileType = sourcecode.swift; path = ColumnFlowLayout.swift; sourceTree = "<group>"; };
		57E9814F001FE70F90DD8D95 /* Pods-Cafe Reviewer.release.xcconfig */ = {isa = PBXFileReference; includeInIndex = 1; lastKnownFileType = text.xcconfig; name = "Pods-Cafe Reviewer.release.xcconfig"; path = "Pods/Target Support Files/Pods-Cafe Reviewer/Pods-Cafe Reviewer.release.xcconfig"; sourceTree = "<group>"; };
		875B44379E4F153FEF764200 /* Pods-Cafe Reviewer.debug.xcconfig */ = {isa = PBXFileReference; includeInIndex = 1; lastKnownFileType = text.xcconfig; name = "Pods-Cafe Reviewer.debug.xcconfig"; path = "Pods/Target Support Files/Pods-Cafe Reviewer/Pods-Cafe Reviewer.debug.xcconfig"; sourceTree = "<group>"; };
		FE269EF2C48698E3FCCCF6D6 /* Pods_Cafe_Reviewer.framework */ = {isa = PBXFileReference; explicitFileType = wrapper.framework; includeInIndex = 0; path = Pods_Cafe_Reviewer.framework; sourceTree = BUILT_PRODUCTS_DIR; };
/* End PBXFileReference section */

/* Begin PBXFrameworksBuildPhase section */
		1045537B1F50FFBE0046DD0E /* Frameworks */ = {
			isa = PBXFrameworksBuildPhase;
			buildActionMask = 2147483647;
			files = (
				2523D0C65F64A67EACD164B9 /* Pods_Cafe_Reviewer.framework in Frameworks */,
			);
			runOnlyForDeploymentPostprocessing = 0;
		};
		1045538F1F50FFBE0046DD0E /* Frameworks */ = {
			isa = PBXFrameworksBuildPhase;
			buildActionMask = 2147483647;
			files = (
			);
			runOnlyForDeploymentPostprocessing = 0;
		};
		1045539A1F50FFBE0046DD0E /* Frameworks */ = {
			isa = PBXFrameworksBuildPhase;
			buildActionMask = 2147483647;
			files = (
			);
			runOnlyForDeploymentPostprocessing = 0;
		};
/* End PBXFrameworksBuildPhase section */

/* Begin PBXGroup section */
		0E9BF7BB58CBDC47B2F9093F /* Frameworks */ = {
			isa = PBXGroup;
			children = (
				FE269EF2C48698E3FCCCF6D6 /* Pods_Cafe_Reviewer.framework */,
			);
			name = Frameworks;
			sourceTree = "<group>";
		};
		104553751F50FFBE0046DD0E = {
			isa = PBXGroup;
			children = (
				104553801F50FFBE0046DD0E /* Cafe Reviewer */,
				104553951F50FFBE0046DD0E /* Cafe ReviewerTests */,
				104553A01F50FFBE0046DD0E /* Cafe ReviewerUITests */,
				1045537F1F50FFBE0046DD0E /* Products */,
				190F16BE92943C0AF9EC199A /* Pods */,
				0E9BF7BB58CBDC47B2F9093F /* Frameworks */,
			);
			sourceTree = "<group>";
		};
		1045537F1F50FFBE0046DD0E /* Products */ = {
			isa = PBXGroup;
			children = (
				1045537E1F50FFBE0046DD0E /* Cafe Reviewer.app */,
				104553921F50FFBE0046DD0E /* Cafe ReviewerTests.xctest */,
				1045539D1F50FFBE0046DD0E /* Cafe ReviewerUITests.xctest */,
			);
			name = Products;
			sourceTree = "<group>";
		};
		104553801F50FFBE0046DD0E /* Cafe Reviewer */ = {
			isa = PBXGroup;
			children = (
				1080D59E1F5555770093048F /* Data */,
				104553B31F5105660046DD0E /* View Controllers */,
				104553B01F5101500046DD0E /* Resources */,
				104553AF1F5100190046DD0E /* Views */,
				104553811F50FFBE0046DD0E /* AppDelegate.swift */,
				104553881F50FFBE0046DD0E /* Assets.xcassets */,
				1045538D1F50FFBE0046DD0E /* Info.plist */,
			);
			path = "Cafe Reviewer";
			sourceTree = "<group>";
		};
		104553951F50FFBE0046DD0E /* Cafe ReviewerTests */ = {
			isa = PBXGroup;
			children = (
				104553961F50FFBE0046DD0E /* Cafe_ReviewerTests.swift */,
				104553981F50FFBE0046DD0E /* Info.plist */,
			);
			path = "Cafe ReviewerTests";
			sourceTree = "<group>";
		};
		104553A01F50FFBE0046DD0E /* Cafe ReviewerUITests */ = {
			isa = PBXGroup;
			children = (
				104553A11F50FFBE0046DD0E /* Cafe_ReviewerUITests.swift */,
				104553A31F50FFBE0046DD0E /* Info.plist */,
			);
			path = "Cafe ReviewerUITests";
			sourceTree = "<group>";
		};
		104553AF1F5100190046DD0E /* Views */ = {
			isa = PBXGroup;
			children = (
				1066A2811F56430B00A2D35D /* nibs */,
				104553B41F5106BF0046DD0E /* Storyboards */,
				1066A27F1F5640BC00A2D35D /* RestaurantCollectionViewCell.swift */,
			);
			name = Views;
			sourceTree = "<group>";
		};
		104553B01F5101500046DD0E /* Resources */ = {
			isa = PBXGroup;
			children = (
				104553B51F51078D0046DD0E /* Images */,
				1080D5A31F555B690093048F /* SampleResponse.json */,
			);
			name = Resources;
			sourceTree = "<group>";
		};
		104553B31F5105660046DD0E /* View Controllers */ = {
			isa = PBXGroup;
			children = (
				104553831F50FFBE0046DD0E /* HomeViewController.swift */,
				10A57B351F56AC4D00334100 /* ColumnFlowLayout.swift */,
			);
			name = "View Controllers";
			sourceTree = "<group>";
		};
		104553B41F5106BF0046DD0E /* Storyboards */ = {
			isa = PBXGroup;
			children = (
				1045538A1F50FFBE0046DD0E /* LaunchScreen.storyboard */,
				104553851F50FFBE0046DD0E /* Main.storyboard */,
			);
			name = Storyboards;
			sourceTree = "<group>";
		};
		104553B51F51078D0046DD0E /* Images */ = {
			isa = PBXGroup;
			children = (
				104553B11F5101720046DD0E /* clag_logo.png */,
			);
			name = Images;
			sourceTree = "<group>";
		};
		1066A2811F56430B00A2D35D /* nibs */ = {
			isa = PBXGroup;
			children = (
				1066A2821F56432100A2D35D /* RestaurantCollectionViewCell.xib */,
			);
			name = nibs;
			sourceTree = "<group>";
		};
		1080D59E1F5555770093048F /* Data */ = {
			isa = PBXGroup;
			children = (
				1080D59F1F5555900093048F /* APIManager.swift */,
				1080D5A11F5559F20093048F /* Restaurant.swift */,
			);
			name = Data;
			sourceTree = "<group>";
		};
		190F16BE92943C0AF9EC199A /* Pods */ = {
			isa = PBXGroup;
			children = (
				875B44379E4F153FEF764200 /* Pods-Cafe Reviewer.debug.xcconfig */,
				57E9814F001FE70F90DD8D95 /* Pods-Cafe Reviewer.release.xcconfig */,
			);
			name = Pods;
			sourceTree = "<group>";
		};
/* End PBXGroup section */

/* Begin PBXNativeTarget section */
		1045537D1F50FFBE0046DD0E /* Cafe Reviewer */ = {
			isa = PBXNativeTarget;
			buildConfigurationList = 104553A61F50FFBE0046DD0E /* Build configuration list for PBXNativeTarget "Cafe Reviewer" */;
			buildPhases = (
				B765243D5A0EEA199CF85D1F /* [CP] Check Pods Manifest.lock */,
				1045537A1F50FFBE0046DD0E /* Sources */,
				1045537B1F50FFBE0046DD0E /* Frameworks */,
				1045537C1F50FFBE0046DD0E /* Resources */,
				AB4D1A73298DA3F7A24D4339 /* [CP] Embed Pods Frameworks */,
				77315B33F29C09AEE729C3D0 /* [CP] Copy Pods Resources */,
			);
			buildRules = (
			);
			dependencies = (
			);
			name = "Cafe Reviewer";
			productName = "Cafe Reviewer";
			productReference = 1045537E1F50FFBE0046DD0E /* Cafe Reviewer.app */;
			productType = "com.apple.product-type.application";
		};
		104553911F50FFBE0046DD0E /* Cafe ReviewerTests */ = {
			isa = PBXNativeTarget;
			buildConfigurationList = 104553A91F50FFBE0046DD0E /* Build configuration list for PBXNativeTarget "Cafe ReviewerTests" */;
			buildPhases = (
				1045538E1F50FFBE0046DD0E /* Sources */,
				1045538F1F50FFBE0046DD0E /* Frameworks */,
				104553901F50FFBE0046DD0E /* Resources */,
			);
			buildRules = (
			);
			dependencies = (
				104553941F50FFBE0046DD0E /* PBXTargetDependency */,
			);
			name = "Cafe ReviewerTests";
			productName = "Cafe ReviewerTests";
			productReference = 104553921F50FFBE0046DD0E /* Cafe ReviewerTests.xctest */;
			productType = "com.apple.product-type.bundle.unit-test";
		};
		1045539C1F50FFBE0046DD0E /* Cafe ReviewerUITests */ = {
			isa = PBXNativeTarget;
			buildConfigurationList = 104553AC1F50FFBE0046DD0E /* Build configuration list for PBXNativeTarget "Cafe ReviewerUITests" */;
			buildPhases = (
				104553991F50FFBE0046DD0E /* Sources */,
				1045539A1F50FFBE0046DD0E /* Frameworks */,
				1045539B1F50FFBE0046DD0E /* Resources */,
			);
			buildRules = (
			);
			dependencies = (
				1045539F1F50FFBE0046DD0E /* PBXTargetDependency */,
			);
			name = "Cafe ReviewerUITests";
			productName = "Cafe ReviewerUITests";
			productReference = 1045539D1F50FFBE0046DD0E /* Cafe ReviewerUITests.xctest */;
			productType = "com.apple.product-type.bundle.ui-testing";
		};
/* End PBXNativeTarget section */

/* Begin PBXProject section */
		104553761F50FFBE0046DD0E /* Project object */ = {
			isa = PBXProject;
			attributes = {
				LastSwiftUpdateCheck = 0830;
				LastUpgradeCheck = 0830;
				ORGANIZATIONNAME = "Code like a girl";
				TargetAttributes = {
					1045537D1F50FFBE0046DD0E = {
						CreatedOnToolsVersion = 8.3.2;
						DevelopmentTeam = W492EXC268;
						ProvisioningStyle = Automatic;
					};
					104553911F50FFBE0046DD0E = {
						CreatedOnToolsVersion = 8.3.2;
						ProvisioningStyle = Automatic;
						TestTargetID = 1045537D1F50FFBE0046DD0E;
					};
					1045539C1F50FFBE0046DD0E = {
						CreatedOnToolsVersion = 8.3.2;
						ProvisioningStyle = Automatic;
						TestTargetID = 1045537D1F50FFBE0046DD0E;
					};
				};
			};
			buildConfigurationList = 104553791F50FFBE0046DD0E /* Build configuration list for PBXProject "Cafe Reviewer" */;
			compatibilityVersion = "Xcode 3.2";
			developmentRegion = English;
			hasScannedForEncodings = 0;
			knownRegions = (
				en,
				Base,
			);
			mainGroup = 104553751F50FFBE0046DD0E;
			productRefGroup = 1045537F1F50FFBE0046DD0E /* Products */;
			projectDirPath = "";
			projectRoot = "";
			targets = (
				1045537D1F50FFBE0046DD0E /* Cafe Reviewer */,
				104553911F50FFBE0046DD0E /* Cafe ReviewerTests */,
				1045539C1F50FFBE0046DD0E /* Cafe ReviewerUITests */,
			);
		};
/* End PBXProject section */

/* Begin PBXResourcesBuildPhase section */
		1045537C1F50FFBE0046DD0E /* Resources */ = {
			isa = PBXResourcesBuildPhase;
			buildActionMask = 2147483647;
			files = (
				1066A2831F56432100A2D35D /* RestaurantCollectionViewCell.xib in Resources */,
				1080D5A41F555B690093048F /* SampleResponse.json in Resources */,
				1045538C1F50FFBE0046DD0E /* LaunchScreen.storyboard in Resources */,
				104553891F50FFBE0046DD0E /* Assets.xcassets in Resources */,
				104553871F50FFBE0046DD0E /* Main.storyboard in Resources */,
				104553B21F5101720046DD0E /* clag_logo.png in Resources */,
			);
			runOnlyForDeploymentPostprocessing = 0;
		};
		104553901F50FFBE0046DD0E /* Resources */ = {
			isa = PBXResourcesBuildPhase;
			buildActionMask = 2147483647;
			files = (
			);
			runOnlyForDeploymentPostprocessing = 0;
		};
		1045539B1F50FFBE0046DD0E /* Resources */ = {
			isa = PBXResourcesBuildPhase;
			buildActionMask = 2147483647;
			files = (
			);
			runOnlyForDeploymentPostprocessing = 0;
		};
/* End PBXResourcesBuildPhase section */

/* Begin PBXShellScriptBuildPhase section */
		77315B33F29C09AEE729C3D0 /* [CP] Copy Pods Resources */ = {
			isa = PBXShellScriptBuildPhase;
			buildActionMask = 2147483647;
			files = (
			);
			inputPaths = (
			);
			name = "[CP] Copy Pods Resources";
			outputPaths = (
			);
			runOnlyForDeploymentPostprocessing = 0;
			shellPath = /bin/sh;
			shellScript = "\"${SRCROOT}/Pods/Target Support Files/Pods-Cafe Reviewer/Pods-Cafe Reviewer-resources.sh\"\n";
			showEnvVarsInLog = 0;
		};
		AB4D1A73298DA3F7A24D4339 /* [CP] Embed Pods Frameworks */ = {
			isa = PBXShellScriptBuildPhase;
			buildActionMask = 2147483647;
			files = (
			);
			inputPaths = (
				"${SRCROOT}/Pods/Target Support Files/Pods-Cafe Reviewer/Pods-Cafe Reviewer-frameworks.sh",
				"${BUILT_PRODUCTS_DIR}/SDWebImage/SDWebImage.framework",
			);
			name = "[CP] Embed Pods Frameworks";
			outputPaths = (
				"${TARGET_BUILD_DIR}/${FRAMEWORKS_FOLDER_PATH}/SDWebImage.framework",
			);
			runOnlyForDeploymentPostprocessing = 0;
			shellPath = /bin/sh;
			shellScript = "\"${SRCROOT}/Pods/Target Support Files/Pods-Cafe Reviewer/Pods-Cafe Reviewer-frameworks.sh\"\n";
			showEnvVarsInLog = 0;
		};
		B765243D5A0EEA199CF85D1F /* [CP] Check Pods Manifest.lock */ = {
			isa = PBXShellScriptBuildPhase;
			buildActionMask = 2147483647;
			files = (
			);
			inputPaths = (
				"${PODS_PODFILE_DIR_PATH}/Podfile.lock",
				"${PODS_ROOT}/Manifest.lock",
			);
			name = "[CP] Check Pods Manifest.lock";
			outputPaths = (
				"$(DERIVED_FILE_DIR)/Pods-Cafe Reviewer-checkManifestLockResult.txt",
			);
			runOnlyForDeploymentPostprocessing = 0;
			shellPath = /bin/sh;
			shellScript = "diff \"${PODS_PODFILE_DIR_PATH}/Podfile.lock\" \"${PODS_ROOT}/Manifest.lock\" > /dev/null\nif [ $? != 0 ] ; then\n    # print error to STDERR\n    echo \"error: The sandbox is not in sync with the Podfile.lock. Run 'pod install' or update your CocoaPods installation.\" >&2\n    exit 1\nfi\n# This output is used by Xcode 'outputs' to avoid re-running this script phase.\necho \"SUCCESS\" > \"${SCRIPT_OUTPUT_FILE_0}\"\n";
			showEnvVarsInLog = 0;
		};
/* End PBXShellScriptBuildPhase section */

/* Begin PBXSourcesBuildPhase section */
		1045537A1F50FFBE0046DD0E /* Sources */ = {
			isa = PBXSourcesBuildPhase;
			buildActionMask = 2147483647;
			files = (
				1080D5A21F5559F20093048F /* Restaurant.swift in Sources */,
				10A57B361F56AC4D00334100 /* ColumnFlowLayout.swift in Sources */,
				1066A2801F5640BC00A2D35D /* RestaurantCollectionViewCell.swift in Sources */,
				1080D5A01F5555900093048F /* APIManager.swift in Sources */,
				104553841F50FFBE0046DD0E /* HomeViewController.swift in Sources */,
				104553821F50FFBE0046DD0E /* AppDelegate.swift in Sources */,
			);
			runOnlyForDeploymentPostprocessing = 0;
		};
		1045538E1F50FFBE0046DD0E /* Sources */ = {
			isa = PBXSourcesBuildPhase;
			buildActionMask = 2147483647;
			files = (
				104553971F50FFBE0046DD0E /* Cafe_ReviewerTests.swift in Sources */,
			);
			runOnlyForDeploymentPostprocessing = 0;
		};
		104553991F50FFBE0046DD0E /* Sources */ = {
			isa = PBXSourcesBuildPhase;
			buildActionMask = 2147483647;
			files = (
				104553A21F50FFBE0046DD0E /* Cafe_ReviewerUITests.swift in Sources */,
			);
			runOnlyForDeploymentPostprocessing = 0;
		};
/* End PBXSourcesBuildPhase section */

/* Begin PBXTargetDependency section */
		104553941F50FFBE0046DD0E /* PBXTargetDependency */ = {
			isa = PBXTargetDependency;
			target = 1045537D1F50FFBE0046DD0E /* Cafe Reviewer */;
			targetProxy = 104553931F50FFBE0046DD0E /* PBXContainerItemProxy */;
		};
		1045539F1F50FFBE0046DD0E /* PBXTargetDependency */ = {
			isa = PBXTargetDependency;
			target = 1045537D1F50FFBE0046DD0E /* Cafe Reviewer */;
			targetProxy = 1045539E1F50FFBE0046DD0E /* PBXContainerItemProxy */;
		};
/* End PBXTargetDependency section */

/* Begin PBXVariantGroup section */
		104553851F50FFBE0046DD0E /* Main.storyboard */ = {
			isa = PBXVariantGroup;
			children = (
				104553861F50FFBE0046DD0E /* Base */,
			);
			name = Main.storyboard;
			sourceTree = "<group>";
		};
		1045538A1F50FFBE0046DD0E /* LaunchScreen.storyboard */ = {
			isa = PBXVariantGroup;
			children = (
				1045538B1F50FFBE0046DD0E /* Base */,
			);
			name = LaunchScreen.storyboard;
			sourceTree = "<group>";
		};
/* End PBXVariantGroup section */

/* Begin XCBuildConfiguration section */
		104553A41F50FFBE0046DD0E /* Debug */ = {
			isa = XCBuildConfiguration;
			buildSettings = {
				ALWAYS_SEARCH_USER_PATHS = NO;
				CLANG_ANALYZER_NONNULL = YES;
				CLANG_ANALYZER_NUMBER_OBJECT_CONVERSION = YES_AGGRESSIVE;
				CLANG_CXX_LANGUAGE_STANDARD = "gnu++0x";
				CLANG_CXX_LIBRARY = "libc++";
				CLANG_ENABLE_MODULES = YES;
				CLANG_ENABLE_OBJC_ARC = YES;
				CLANG_WARN_BOOL_CONVERSION = YES;
				CLANG_WARN_CONSTANT_CONVERSION = YES;
				CLANG_WARN_DIRECT_OBJC_ISA_USAGE = YES_ERROR;
				CLANG_WARN_DOCUMENTATION_COMMENTS = YES;
				CLANG_WARN_EMPTY_BODY = YES;
				CLANG_WARN_ENUM_CONVERSION = YES;
				CLANG_WARN_INFINITE_RECURSION = YES;
				CLANG_WARN_INT_CONVERSION = YES;
				CLANG_WARN_OBJC_ROOT_CLASS = YES_ERROR;
				CLANG_WARN_SUSPICIOUS_MOVE = YES;
				CLANG_WARN_UNREACHABLE_CODE = YES;
				CLANG_WARN__DUPLICATE_METHOD_MATCH = YES;
				"CODE_SIGN_IDENTITY[sdk=iphoneos*]" = "iPhone Developer";
				COPY_PHASE_STRIP = NO;
				DEBUG_INFORMATION_FORMAT = dwarf;
				ENABLE_STRICT_OBJC_MSGSEND = YES;
				ENABLE_TESTABILITY = YES;
				GCC_C_LANGUAGE_STANDARD = gnu99;
				GCC_DYNAMIC_NO_PIC = NO;
				GCC_NO_COMMON_BLOCKS = YES;
				GCC_OPTIMIZATION_LEVEL = 0;
				GCC_PREPROCESSOR_DEFINITIONS = (
					"DEBUG=1",
					"$(inherited)",
				);
				GCC_WARN_64_TO_32_BIT_CONVERSION = YES;
				GCC_WARN_ABOUT_RETURN_TYPE = YES_ERROR;
				GCC_WARN_UNDECLARED_SELECTOR = YES;
				GCC_WARN_UNINITIALIZED_AUTOS = YES_AGGRESSIVE;
				GCC_WARN_UNUSED_FUNCTION = YES;
				GCC_WARN_UNUSED_VARIABLE = YES;
				IPHONEOS_DEPLOYMENT_TARGET = 10.3;
				MTL_ENABLE_DEBUG_INFO = YES;
				ONLY_ACTIVE_ARCH = YES;
				SDKROOT = iphoneos;
				SWIFT_ACTIVE_COMPILATION_CONDITIONS = DEBUG;
				SWIFT_OPTIMIZATION_LEVEL = "-Onone";
				TARGETED_DEVICE_FAMILY = "1,2";
			};
			name = Debug;
		};
		104553A51F50FFBE0046DD0E /* Release */ = {
			isa = XCBuildConfiguration;
			buildSettings = {
				ALWAYS_SEARCH_USER_PATHS = NO;
				CLANG_ANALYZER_NONNULL = YES;
				CLANG_ANALYZER_NUMBER_OBJECT_CONVERSION = YES_AGGRESSIVE;
				CLANG_CXX_LANGUAGE_STANDARD = "gnu++0x";
				CLANG_CXX_LIBRARY = "libc++";
				CLANG_ENABLE_MODULES = YES;
				CLANG_ENABLE_OBJC_ARC = YES;
				CLANG_WARN_BOOL_CONVERSION = YES;
				CLANG_WARN_CONSTANT_CONVERSION = YES;
				CLANG_WARN_DIRECT_OBJC_ISA_USAGE = YES_ERROR;
				CLANG_WARN_DOCUMENTATION_COMMENTS = YES;
				CLANG_WARN_EMPTY_BODY = YES;
				CLANG_WARN_ENUM_CONVERSION = YES;
				CLANG_WARN_INFINITE_RECURSION = YES;
				CLANG_WARN_INT_CONVERSION = YES;
				CLANG_WARN_OBJC_ROOT_CLASS = YES_ERROR;
				CLANG_WARN_SUSPICIOUS_MOVE = YES;
				CLANG_WARN_UNREACHABLE_CODE = YES;
				CLANG_WARN__DUPLICATE_METHOD_MATCH = YES;
				"CODE_SIGN_IDENTITY[sdk=iphoneos*]" = "iPhone Developer";
				COPY_PHASE_STRIP = NO;
				DEBUG_INFORMATION_FORMAT = "dwarf-with-dsym";
				ENABLE_NS_ASSERTIONS = NO;
				ENABLE_STRICT_OBJC_MSGSEND = YES;
				GCC_C_LANGUAGE_STANDARD = gnu99;
				GCC_NO_COMMON_BLOCKS = YES;
				GCC_WARN_64_TO_32_BIT_CONVERSION = YES;
				GCC_WARN_ABOUT_RETURN_TYPE = YES_ERROR;
				GCC_WARN_UNDECLARED_SELECTOR = YES;
				GCC_WARN_UNINITIALIZED_AUTOS = YES_AGGRESSIVE;
				GCC_WARN_UNUSED_FUNCTION = YES;
				GCC_WARN_UNUSED_VARIABLE = YES;
				IPHONEOS_DEPLOYMENT_TARGET = 10.3;
				MTL_ENABLE_DEBUG_INFO = NO;
				SDKROOT = iphoneos;
				SWIFT_OPTIMIZATION_LEVEL = "-Owholemodule";
				TARGETED_DEVICE_FAMILY = "1,2";
				VALIDATE_PRODUCT = YES;
			};
			name = Release;
		};
		104553A71F50FFBE0046DD0E /* Debug */ = {
			isa = XCBuildConfiguration;
			baseConfigurationReference = 875B44379E4F153FEF764200 /* Pods-Cafe Reviewer.debug.xcconfig */;
			buildSettings = {
				ASSETCATALOG_COMPILER_APPICON_NAME = AppIcon;
				DEVELOPMENT_TEAM = W492EXC268;
				INFOPLIST_FILE = "Cafe Reviewer/Info.plist";
				IPHONEOS_DEPLOYMENT_TARGET = 10.2;
				LD_RUNPATH_SEARCH_PATHS = "$(inherited) @executable_path/Frameworks";
				PRODUCT_BUNDLE_IDENTIFIER = "com.codelikeagirl.Cafe-Reviewer";
				PRODUCT_NAME = "$(TARGET_NAME)";
				SWIFT_VERSION = 3.0;
			};
			name = Debug;
		};
		104553A81F50FFBE0046DD0E /* Release */ = {
			isa = XCBuildConfiguration;
			baseConfigurationReference = 57E9814F001FE70F90DD8D95 /* Pods-Cafe Reviewer.release.xcconfig */;
			buildSettings = {
				ASSETCATALOG_COMPILER_APPICON_NAME = AppIcon;
				DEVELOPMENT_TEAM = W492EXC268;
				INFOPLIST_FILE = "Cafe Reviewer/Info.plist";
				IPHONEOS_DEPLOYMENT_TARGET = 10.2;
				LD_RUNPATH_SEARCH_PATHS = "$(inherited) @executable_path/Frameworks";
				PRODUCT_BUNDLE_IDENTIFIER = "com.codelikeagirl.Cafe-Reviewer";
				PRODUCT_NAME = "$(TARGET_NAME)";
				SWIFT_VERSION = 3.0;
			};
			name = Release;
		};
		104553AA1F50FFBE0046DD0E /* Debug */ = {
			isa = XCBuildConfiguration;
			buildSettings = {
				ALWAYS_EMBED_SWIFT_STANDARD_LIBRARIES = YES;
				BUNDLE_LOADER = "$(TEST_HOST)";
				INFOPLIST_FILE = "Cafe ReviewerTests/Info.plist";
				LD_RUNPATH_SEARCH_PATHS = "$(inherited) @executable_path/Frameworks @loader_path/Frameworks";
				PRODUCT_BUNDLE_IDENTIFIER = "com.codelikeagirl.Cafe-ReviewerTests";
				PRODUCT_NAME = "$(TARGET_NAME)";
				SWIFT_VERSION = 3.0;
				TEST_HOST = "$(BUILT_PRODUCTS_DIR)/Cafe Reviewer.app/Cafe Reviewer";
			};
			name = Debug;
		};
		104553AB1F50FFBE0046DD0E /* Release */ = {
			isa = XCBuildConfiguration;
			buildSettings = {
				ALWAYS_EMBED_SWIFT_STANDARD_LIBRARIES = YES;
				BUNDLE_LOADER = "$(TEST_HOST)";
				INFOPLIST_FILE = "Cafe ReviewerTests/Info.plist";
				LD_RUNPATH_SEARCH_PATHS = "$(inherited) @executable_path/Frameworks @loader_path/Frameworks";
				PRODUCT_BUNDLE_IDENTIFIER = "com.codelikeagirl.Cafe-ReviewerTests";
				PRODUCT_NAME = "$(TARGET_NAME)";
				SWIFT_VERSION = 3.0;
				TEST_HOST = "$(BUILT_PRODUCTS_DIR)/Cafe Reviewer.app/Cafe Reviewer";
			};
			name = Release;
		};
		104553AD1F50FFBE0046DD0E /* Debug */ = {
			isa = XCBuildConfiguration;
			buildSettings = {
				ALWAYS_EMBED_SWIFT_STANDARD_LIBRARIES = YES;
				INFOPLIST_FILE = "Cafe ReviewerUITests/Info.plist";
				LD_RUNPATH_SEARCH_PATHS = "$(inherited) @executable_path/Frameworks @loader_path/Frameworks";
				PRODUCT_BUNDLE_IDENTIFIER = "com.codelikeagirl.Cafe-ReviewerUITests";
				PRODUCT_NAME = "$(TARGET_NAME)";
				SWIFT_VERSION = 3.0;
				TEST_TARGET_NAME = "Cafe Reviewer";
			};
			name = Debug;
		};
		104553AE1F50FFBE0046DD0E /* Release */ = {
			isa = XCBuildConfiguration;
			buildSettings = {
				ALWAYS_EMBED_SWIFT_STANDARD_LIBRARIES = YES;
				INFOPLIST_FILE = "Cafe ReviewerUITests/Info.plist";
				LD_RUNPATH_SEARCH_PATHS = "$(inherited) @executable_path/Frameworks @loader_path/Frameworks";
				PRODUCT_BUNDLE_IDENTIFIER = "com.codelikeagirl.Cafe-ReviewerUITests";
				PRODUCT_NAME = "$(TARGET_NAME)";
				SWIFT_VERSION = 3.0;
				TEST_TARGET_NAME = "Cafe Reviewer";
			};
			name = Release;
		};
/* End XCBuildConfiguration section */

/* Begin XCConfigurationList section */
		104553791F50FFBE0046DD0E /* Build configuration list for PBXProject "Cafe Reviewer" */ = {
			isa = XCConfigurationList;
			buildConfigurations = (
				104553A41F50FFBE0046DD0E /* Debug */,
				104553A51F50FFBE0046DD0E /* Release */,
			);
			defaultConfigurationIsVisible = 0;
			defaultConfigurationName = Release;
		};
		104553A61F50FFBE0046DD0E /* Build configuration list for PBXNativeTarget "Cafe Reviewer" */ = {
			isa = XCConfigurationList;
			buildConfigurations = (
				104553A71F50FFBE0046DD0E /* Debug */,
				104553A81F50FFBE0046DD0E /* Release */,
			);
			defaultConfigurationIsVisible = 0;
			defaultConfigurationName = Release;
		};
		104553A91F50FFBE0046DD0E /* Build configuration list for PBXNativeTarget "Cafe ReviewerTests" */ = {
			isa = XCConfigurationList;
			buildConfigurations = (
				104553AA1F50FFBE0046DD0E /* Debug */,
				104553AB1F50FFBE0046DD0E /* Release */,
			);
			defaultConfigurationIsVisible = 0;
			defaultConfigurationName = Release;
		};
		104553AC1F50FFBE0046DD0E /* Build configuration list for PBXNativeTarget "Cafe ReviewerUITests" */ = {
			isa = XCConfigurationList;
			buildConfigurations = (
				104553AD1F50FFBE0046DD0E /* Debug */,
				104553AE1F50FFBE0046DD0E /* Release */,
			);
			defaultConfigurationIsVisible = 0;
			defaultConfigurationName = Release;
		};
/* End XCConfigurationList section */
	};
	rootObject = 104553761F50FFBE0046DD0E /* Project object */;
}
